
Microsoft Visual Studio Solution File, Format Version 12.00
# Visual Studio Version 16
VisualStudioVersion = 16.0.29920.165
MinimumVisualStudioVersion = 10.0.40219.1
Project("{FAE04EC0-301F-11D3-BF4B-00C04F79EFBC}") = "Inventario.Web", "Inventario.Web\Inventario.Web.csproj", "{84D74A0F-D9B5-484A-9250-AC30CCA5A166}"
EndProject
Global
	GlobalSection(SolutionConfigurationPlatforms) = preSolution
		Debug|Any CPU = Debug|Any CPU
		Release|Any CPU = Release|Any CPU
	EndGlobalSection
	GlobalSection(ProjectConfigurationPlatforms) = postSolution
		{84D74A0F-D9B5-484A-9250-AC30CCA5A166}.Debug|Any CPU.ActiveCfg = Debug|Any CPU
		{84D74A0F-D9B5-484A-9250-AC30CCA5A166}.Debug|Any CPU.Build.0 = Debug|Any CPU
		{84D74A0F-D9B5-484A-9250-AC30CCA5A166}.Release|Any CPU.ActiveCfg = Release|Any CPU
		{84D74A0F-D9B5-484A-9250-AC30CCA5A166}.Release|Any CPU.Build.0 = Release|Any CPU
	EndGlobalSection
	GlobalSection(SolutionProperties) = preSolution
		HideSolutionNode = FALSE
	EndGlobalSection
	GlobalSection(ExtensibilityGlobals) = postSolution
		SolutionGuid = {3B47E74D-2594-4B5D-AD9C-26C0D9D34A56}
	EndGlobalSection
EndGlobal
